PODS:
  - audio_session (0.0.1):
    - Flutter
  - Flutter (1.0.0)
  - flutter_contacts (0.0.1):
    - Flutter
  - flutter_dynamic_icon (0.0.1):
    - Flutter
  - flutter_secure_storage (6.0.0):
    - Flutter
  - just_audio (0.0.1):
    - Flutter
    - FlutterMacOS
  - permission_handler_apple (9.3.0):
    - Flutter
  - record_ios (1.2.1):
    - Flutter
  - shared_preferences_foundation (0.0.1):
    - Flutter
    - FlutterMacOS
  - speech_to_text (0.0.1):
    - Flutter
    - Try
  - Try (2.1.1)
  - volume_watcher (0.0.1):
    - Flutter

DEPENDENCIES:
  - audio_session (from `.symlinks/plugins/audio_session/ios`)
  - Flutter (from `Flutter`)
  - flutter_contacts (from `.symlinks/plugins/flutter_contacts/ios`)
  - flutter_dynamic_icon (from `.symlinks/plugins/flutter_dynamic_icon/ios`)
  - flutter_secure_storage (from `.symlinks/plugins/flutter_secure_storage/ios`)
  - just_audio (from `.symlinks/plugins/just_audio/darwin`)
  - permission_handler_apple (from `.symlinks/plugins/permission_handler_apple/ios`)
  - record_ios (from `.symlinks/plugins/record_ios/ios`)
  - shared_preferences_foundation (from `.symlinks/plugins/shared_preferences_foundation/darwin`)
  - speech_to_text (from `.symlinks/plugins/speech_to_text/ios`)
  - volume_watcher (from `.symlinks/plugins/volume_watcher/ios`)

SPEC REPOS:
  trunk:
    - Try

EXTERNAL SOURCES:
  audio_session:
    :path: ".symlinks/plugins/audio_session/ios"
  Flutter:
    :path: Flutter
  flutter_contacts:
    :path: ".symlinks/plugins/flutter_contacts/ios"
  flutter_dynamic_icon:
    :path: ".symlinks/plugins/flutter_dynamic_icon/ios"
  flutter_secure_storage:
    :path: ".symlinks/plugins/flutter_secure_storage/ios"
  just_audio:
    :path: ".symlinks/plugins/just_audio/darwin"
  permission_handler_apple:
    :path: ".symlinks/plugins/permission_handler_apple/ios"
  record_ios:
    :path: ".symlinks/plugins/record_ios/ios"
  shared_preferences_foundation:
    :path: ".symlinks/plugins/shared_preferences_foundation/darwin"
  speech_to_text:
    :path: ".symlinks/plugins/speech_to_text/ios"
  volume_watcher:
    :path: ".symlinks/plugins/volume_watcher/ios"

SPEC CHECKSUMS:
  audio_session: 9bb7f6c970f21241b19f5a3658097ae459681ba0
  Flutter: cabc95a1d2626b1b06e7179b784ebcf0c0cde467
  flutter_contacts: 2ec1d6b62ca2869c3bbb3871bd74d4e3ef157135
  flutter_dynamic_icon: 9b73b8d673f589e913991cc025c007823c59ed19
  flutter_secure_storage: 1ed9476fba7e7a782b22888f956cce43e2c62f13
  just_audio: 4e391f57b79cad2b0674030a00453ca5ce817eed
  permission_handler_apple: 4ed2196e43d0651e8ff7ca3483a069d469701f2d
  record_ios: 980fd386a97a35987d0fce3dfda4b26a38c90f4c
  shared_preferences_foundation: 7036424c3d8ec98dfe75ff1667cb0cd531ec82bb
  speech_to_text: ae2abc312e619ff1c53e675a9fc4d785a15c03bb
  Try: 5ef669ae832617b3cee58cb2c6f99fb767a4ff96
  volume_watcher: 5ab49044e0b934459111726de7a3a311152b7da5

PODFILE CHECKSUM: 04617a64051435f597fa7e598bac506c1eab110d

COCOAPODS: 1.16.2
